{
  "name": "mvp-dumper",
  "version": "1.0.0",
  "lockfileVersion": 3,
  "requires": true,
  "packages": {
    "": {
      "name": "mvp-dumper",
      "version": "1.0.0",
      "license": "ISC",
      "devDependencies": {
        "csgogsi": "^3.0.1",
        "dotagsi": "github:Macronic/dota2gsi"
      }
    },
    "node_modules/csgogsi": {
      "version": "3.0.1",
      "resolved": "https://registry.npmjs.org/csgogsi/-/csgogsi-3.0.1.tgz",
      "integrity": "sha512-ETCi2V1qeA1ZEaPiEaf/uJUNkBWHeBdTDizYv+vAhQzoObXkIyhTIsPOyJ51iazkJyltmsESuXM+Sy7hqnNt0A==",
      "dev": true
    },
    "node_modules/dotagsi": {
      "version": "1.3.7",
      "resolved": "git+ssh://git@github.com/Macronic/dota2gsi.git#475e89efee2206ecf03a0f926878e6405de63328",
      "dev": true,
      "license": "MIT"
    }
  }
}
